
Microsoft Visual Studio Solution File, Format Version 12.00
# Visual Studio Version 17
VisualStudioVersion = 17.11.35327.3
MinimumVisualStudioVersion = 10.0.40219.1
Project("{FAE04EC0-301F-11D3-BF4B-00C04F79EFBC}") = "Csgo-version-net", "Csgo-version-net\Csgo-version-net.csproj", "{DC03EF79-AFC2-49B0-BA89-DE7B3D3F78DA}"
EndProject
Global
	GlobalSection(SolutionConfigurationPlatforms) = preSolution
		Debug|Any CPU = Debug|Any CPU
		Release|Any CPU = Release|Any CPU
	EndGlobalSection
	GlobalSection(ProjectConfigurationPlatforms) = postSolution
		{DC03EF79-AFC2-49B0-BA89-DE7B3D3F78DA}.Debug|Any CPU.ActiveCfg = Debug|Any CPU
		{DC03EF79-AFC2-49B0-BA89-DE7B3D3F78DA}.Debug|Any CPU.Build.0 = Debug|Any CPU
		{DC03EF79-AFC2-49B0-BA89-DE7B3D3F78DA}.Release|Any CPU.ActiveCfg = Release|Any CPU
		{DC03EF79-AFC2-49B0-BA89-DE7B3D3F78DA}.Release|Any CPU.Build.0 = Release|Any CPU
	EndGlobalSection
	GlobalSection(SolutionProperties) = preSolution
		HideSolutionNode = FALSE
	EndGlobalSection
	GlobalSection(ExtensibilityGlobals) = postSolution
		SolutionGuid = {73BC9B0A-75C0-47C0-AEC5-F58E2C61325F}
	EndGlobalSection
EndGlobal
